
Microsoft Visual Studio Solution File, Format Version 12.00
# Visual Studio Version 17
VisualStudioVersion = 17.14.36616.10 d17.14
MinimumVisualStudioVersion = 10.0.40219.1
Project("{FAE04EC0-301F-11D3-BF4B-00C04F79EFBC}") = "Table1_id_12", "Table1_id_12.csproj", "{488E03EF-ECAB-47CE-BFA0-A863BFE67435}"
EndProject
Global
	GlobalSection(SolutionConfigurationPlatforms) = preSolution
		Debug|Any CPU = Debug|Any CPU
		Release|Any CPU = Release|Any CPU
	EndGlobalSection
	GlobalSection(ProjectConfigurationPlatforms) = postSolution
		{488E03EF-ECAB-47CE-BFA0-A863BFE67435}.Debug|Any CPU.ActiveCfg = Debug|Any CPU
		{488E03EF-ECAB-47CE-BFA0-A863BFE67435}.Debug|Any CPU.Build.0 = Debug|Any CPU
		{488E03EF-ECAB-47CE-BFA0-A863BFE67435}.Release|Any CPU.ActiveCfg = Release|Any CPU
		{488E03EF-ECAB-47CE-BFA0-A863BFE67435}.Release|Any CPU.Build.0 = Release|Any CPU
	EndGlobalSection
	GlobalSection(SolutionProperties) = preSolution
		HideSolutionNode = FALSE
	EndGlobalSection
	GlobalSection(ExtensibilityGlobals) = postSolution
		SolutionGuid = {46E9C78D-4E83-498F-9556-33C5DD9774A7}
	EndGlobalSection
EndGlobal
